{
  "name": "grimoire",
  "version": "0.0.0",
  "lockfileVersion": 3,
  "requires": true,
  "packages": {
    "": {
      "name": "grimoire",
      "version": "0.0.0",
      "license": "MIT",
      "workspaces": [
        "packages/phylactery",
        "packages/starlight",
        "packages/veil",
        "apps/grinder",
        "apps/guild",
        "packages/essence"
      ]
    },
    "apps/grinder": {
      "version": "0.0.0",
      "license": "MIT"
    },
    "apps/guild": {
      "version": "0.0.0",
      "license": "MIT"
    },
    "node_modules/essence": {
      "resolved": "packages/essence",
      "link": true
    },
    "node_modules/grinder": {
      "resolved": "apps/grinder",
      "link": true
    },
    "node_modules/guild": {
      "resolved": "apps/guild",
      "link": true
    },
    "node_modules/phylactery": {
      "resolved": "packages/phylactery",
      "link": true
    },
    "node_modules/starlight": {
      "resolved": "packages/starlight",
      "link": true
    },
    "node_modules/veil": {
      "resolved": "packages/veil",
      "link": true
    },
    "packages/essence": {
      "version": "1.0.0",
      "license": "ISC",
      "devDependencies": {}
    },
    "packages/phylactery": {
      "version": "0.0.0",
      "license": "MIT"
    },
    "packages/starlight": {
      "version": "0.0.0",
      "license": "MIT"
    },
    "packages/veil": {
      "version": "0.0.0",
      "license": "MIT"
    }
  }
}
