{
  "name": "grimoire",
  "version": "0.0.0",
  "lockfileVersion": 3,
  "requires": true,
  "packages": {
    "": {
      "name": "grimoire",
      "version": "0.0.0",
      "license": "MIT",
      "workspaces": [
        "packages/phylactery",
        "packages/starlight"
      ]
    },
    "node_modules/phylactery": {
      "resolved": "packages/phylactery",
      "link": true
    },
    "node_modules/starlight": {
      "resolved": "packages/starlight",
      "link": true
    },
    "packages/phylactery": {
      "version": "1.0.0",
      "license": "ISC"
    },
    "packages/starlight": {
      "version": "1.0.0",
      "license": "ISC",
      "devDependencies": {}
    }
  }
}
